
Microsoft Visual Studio Solution File, Format Version 12.00
# Visual Studio 15
VisualStudioVersion = 15.0.26730.12
MinimumVisualStudioVersion = 10.0.40219.1
Project("{FAE04EC0-301F-11D3-BF4B-00C04F79EFBC}") = "WebApplication1", "WebApplication1\WebApplication1.csproj", "{CA3354EA-F378-4546-8C8A-D61B90E70DDB}"
EndProject
Global
	GlobalSection(SolutionConfigurationPlatforms) = preSolution
		Debug|Any CPU = Debug|Any CPU
		Release|Any CPU = Release|Any CPU
	EndGlobalSection
	GlobalSection(ProjectConfigurationPlatforms) = postSolution
		{CA3354EA-F378-4546-8C8A-D61B90E70DDB}.Debug|Any CPU.ActiveCfg = Debug|Any CPU
		{CA3354EA-F378-4546-8C8A-D61B90E70DDB}.Debug|Any CPU.Build.0 = Debug|Any CPU
		{CA3354EA-F378-4546-8C8A-D61B90E70DDB}.Release|Any CPU.ActiveCfg = Release|Any CPU
		{CA3354EA-F378-4546-8C8A-D61B90E70DDB}.Release|Any CPU.Build.0 = Release|Any CPU
	EndGlobalSection
	GlobalSection(SolutionProperties) = preSolution
		HideSolutionNode = FALSE
	EndGlobalSection
	GlobalSection(ExtensibilityGlobals) = postSolution
		SolutionGuid = {FC80100E-FD2D-4859-80CE-1061F53B22C1}
	EndGlobalSection
EndGlobal
